
Microsoft Visual Studio Solution File, Format Version 12.00
# Visual Studio Version 17
VisualStudioVersion = 17.0.32014.148
MinimumVisualStudioVersion = 10.0.40219.1
Project("{FAE04EC0-301F-11D3-BF4B-00C04F79EFBC}") = "Modulo1.Android", "CCFoods\CCFoods.Android\Modulo1.Android.csproj", "{A0B8F5D4-128F-4D80-BA14-25E2B718A305}"
EndProject
Project("{FAE04EC0-301F-11D3-BF4B-00C04F79EFBC}") = "Modulo1.iOS", "CCFoods\CCFoods.iOS\Modulo1.iOS.csproj", "{80434951-F50D-47CD-8D0A-5BE65104FA7E}"
EndProject
Project("{FAE04EC0-301F-11D3-BF4B-00C04F79EFBC}") = "Modulo1", "CCFoods\CCFoods\Modulo1.csproj", "{F261EE67-4F3D-4F21-9591-EDA2C790D96A}"
EndProject
Global
	GlobalSection(SolutionConfigurationPlatforms) = preSolution
		Debug|Any CPU = Debug|Any CPU
		Debug|iPhone = Debug|iPhone
		Debug|iPhoneSimulator = Debug|iPhoneSimulator
		Release|Any CPU = Release|Any CPU
		Release|iPhone = Release|iPhone
		Release|iPhoneSimulator = Release|iPhoneSimulator
	EndGlobalSection
	GlobalSection(ProjectConfigurationPlatforms) = postSolution
		{A0B8F5D4-128F-4D80-BA14-25E2B718A305}.Debug|Any CPU.ActiveCfg = Debug|Any CPU
		{A0B8F5D4-128F-4D80-BA14-25E2B718A305}.Debug|Any CPU.Build.0 = Debug|Any CPU
		{A0B8F5D4-128F-4D80-BA14-25E2B718A305}.Debug|Any CPU.Deploy.0 = Debug|Any CPU
		{A0B8F5D4-128F-4D80-BA14-25E2B718A305}.Debug|iPhone.ActiveCfg = Debug|Any CPU
		{A0B8F5D4-128F-4D80-BA14-25E2B718A305}.Debug|iPhone.Build.0 = Debug|Any CPU
		{A0B8F5D4-128F-4D80-BA14-25E2B718A305}.Debug|iPhone.Deploy.0 = Debug|Any CPU
		{A0B8F5D4-128F-4D80-BA14-25E2B718A305}.Debug|iPhoneSimulator.ActiveCfg = Debug|Any CPU
		{A0B8F5D4-128F-4D80-BA14-25E2B718A305}.Debug|iPhoneSimulator.Build.0 = Debug|Any CPU
		{A0B8F5D4-128F-4D80-BA14-25E2B718A305}.Debug|iPhoneSimulator.Deploy.0 = Debug|Any CPU
		{A0B8F5D4-128F-4D80-BA14-25E2B718A305}.Release|Any CPU.ActiveCfg = Release|Any CPU
		{A0B8F5D4-128F-4D80-BA14-25E2B718A305}.Release|Any CPU.Build.0 = Release|Any CPU
		{A0B8F5D4-128F-4D80-BA14-25E2B718A305}.Release|Any CPU.Deploy.0 = Release|Any CPU
		{A0B8F5D4-128F-4D80-BA14-25E2B718A305}.Release|iPhone.ActiveCfg = Release|Any CPU
		{A0B8F5D4-128F-4D80-BA14-25E2B718A305}.Release|iPhone.Build.0 = Release|Any CPU
		{A0B8F5D4-128F-4D80-BA14-25E2B718A305}.Release|iPhone.Deploy.0 = Release|Any CPU
		{A0B8F5D4-128F-4D80-BA14-25E2B718A305}.Release|iPhoneSimulator.ActiveCfg = Release|Any CPU
		{A0B8F5D4-128F-4D80-BA14-25E2B718A305}.Release|iPhoneSimulator.Build.0 = Release|Any CPU
		{A0B8F5D4-128F-4D80-BA14-25E2B718A305}.Release|iPhoneSimulator.Deploy.0 = Release|Any CPU
		{80434951-F50D-47CD-8D0A-5BE65104FA7E}.Debug|Any CPU.ActiveCfg = Debug|iPhone
		{80434951-F50D-47CD-8D0A-5BE65104FA7E}.Debug|Any CPU.Build.0 = Debug|iPhone
		{80434951-F50D-47CD-8D0A-5BE65104FA7E}.Debug|Any CPU.Deploy.0 = Debug|iPhone
		{80434951-F50D-47CD-8D0A-5BE65104FA7E}.Debug|iPhone.ActiveCfg = Debug|iPhone
		{80434951-F50D-47CD-8D0A-5BE65104FA7E}.Debug|iPhone.Build.0 = Debug|iPhone
		{80434951-F50D-47CD-8D0A-5BE65104FA7E}.Debug|iPhone.Deploy.0 = Debug|iPhone
		{80434951-F50D-47CD-8D0A-5BE65104FA7E}.Debug|iPhoneSimulator.ActiveCfg = Debug|iPhoneSimulator
		{80434951-F50D-47CD-8D0A-5BE65104FA7E}.Debug|iPhoneSimulator.Build.0 = Debug|iPhoneSimulator
		{80434951-F50D-47CD-8D0A-5BE65104FA7E}.Debug|iPhoneSimulator.Deploy.0 = Debug|iPhoneSimulator
		{80434951-F50D-47CD-8D0A-5BE65104FA7E}.Release|Any CPU.ActiveCfg = Release|iPhoneSimulator
		{80434951-F50D-47CD-8D0A-5BE65104FA7E}.Release|Any CPU.Build.0 = Release|iPhoneSimulator
		{80434951-F50D-47CD-8D0A-5BE65104FA7E}.Release|Any CPU.Deploy.0 = Release|iPhoneSimulator
		{80434951-F50D-47CD-8D0A-5BE65104FA7E}.Release|iPhone.ActiveCfg = Release|iPhone
		{80434951-F50D-47CD-8D0A-5BE65104FA7E}.Release|iPhone.Build.0 = Release|iPhone
		{80434951-F50D-47CD-8D0A-5BE65104FA7E}.Release|iPhone.Deploy.0 = Release|iPhone
		{80434951-F50D-47CD-8D0A-5BE65104FA7E}.Release|iPhoneSimulator.ActiveCfg = Release|iPhoneSimulator
		{80434951-F50D-47CD-8D0A-5BE65104FA7E}.Release|iPhoneSimulator.Build.0 = Release|iPhoneSimulator
		{80434951-F50D-47CD-8D0A-5BE65104FA7E}.Release|iPhoneSimulator.Deploy.0 = Release|iPhoneSimulator
		{F261EE67-4F3D-4F21-9591-EDA2C790D96A}.Debug|Any CPU.ActiveCfg = Debug|Any CPU
		{F261EE67-4F3D-4F21-9591-EDA2C790D96A}.Debug|Any CPU.Build.0 = Debug|Any CPU
		{F261EE67-4F3D-4F21-9591-EDA2C790D96A}.Debug|Any CPU.Deploy.0 = Debug|Any CPU
		{F261EE67-4F3D-4F21-9591-EDA2C790D96A}.Debug|iPhone.ActiveCfg = Debug|Any CPU
		{F261EE67-4F3D-4F21-9591-EDA2C790D96A}.Debug|iPhone.Build.0 = Debug|Any CPU
		{F261EE67-4F3D-4F21-9591-EDA2C790D96A}.Debug|iPhone.Deploy.0 = Debug|Any CPU
		{F261EE67-4F3D-4F21-9591-EDA2C790D96A}.Debug|iPhoneSimulator.ActiveCfg = Debug|Any CPU
		{F261EE67-4F3D-4F21-9591-EDA2C790D96A}.Debug|iPhoneSimulator.Build.0 = Debug|Any CPU
		{F261EE67-4F3D-4F21-9591-EDA2C790D96A}.Debug|iPhoneSimulator.Deploy.0 = Debug|Any CPU
		{F261EE67-4F3D-4F21-9591-EDA2C790D96A}.Release|Any CPU.ActiveCfg = Release|Any CPU
		{F261EE67-4F3D-4F21-9591-EDA2C790D96A}.Release|Any CPU.Build.0 = Release|Any CPU
		{F261EE67-4F3D-4F21-9591-EDA2C790D96A}.Release|Any CPU.Deploy.0 = Release|Any CPU
		{F261EE67-4F3D-4F21-9591-EDA2C790D96A}.Release|iPhone.ActiveCfg = Release|Any CPU
		{F261EE67-4F3D-4F21-9591-EDA2C790D96A}.Release|iPhone.Build.0 = Release|Any CPU
		{F261EE67-4F3D-4F21-9591-EDA2C790D96A}.Release|iPhone.Deploy.0 = Release|Any CPU
		{F261EE67-4F3D-4F21-9591-EDA2C790D96A}.Release|iPhoneSimulator.ActiveCfg = Release|Any CPU
		{F261EE67-4F3D-4F21-9591-EDA2C790D96A}.Release|iPhoneSimulator.Build.0 = Release|Any CPU
		{F261EE67-4F3D-4F21-9591-EDA2C790D96A}.Release|iPhoneSimulator.Deploy.0 = Release|Any CPU
	EndGlobalSection
	GlobalSection(SolutionProperties) = preSolution
		HideSolutionNode = FALSE
	EndGlobalSection
	GlobalSection(ExtensibilityGlobals) = postSolution
		SolutionGuid = {84EC7CC8-B5DE-4026-ABE4-A2E36C6E3E54}
	EndGlobalSection
EndGlobal
